
Microsoft Visual Studio Solution File, Format Version 12.00
# Visual Studio 14
VisualStudioVersion = 14.0.24720.0
MinimumVisualStudioVersion = 10.0.40219.1
Project("{8BC9CEB8-8B4A-11D0-8D11-00A0C91BC942}") = "vld", "src\vld.vcxproj", "{0D30FFCB-45DA-4D2B-8E3C-81BC145BF2DE}"
EndProject
Project("{8BC9CEB8-8B4A-11D0-8D11-00A0C91BC942}") = "test_basics", "src\tests\basics\basics.vcxproj", "{0943354A-41E0-4215-878A-8D0FE758052C}"
	ProjectSection(ProjectDependencies) = postProject
		{0D30FFCB-45DA-4D2B-8E3C-81BC145BF2DE} = {0D30FFCB-45DA-4D2B-8E3C-81BC145BF2DE}
	EndProjectSection
EndProject
Project("{2150E333-8FDC-42A3-9474-1A3956D46DE8}") = "Tests", "Tests", "{9F9CFA3A-F154-4069-89E3-19BDC6BD3A7D}"
EndProject
Project("{8BC9CEB8-8B4A-11D0-8D11-00A0C91BC942}") = "testsuite", "src\tests\suite\testsuite.vcxproj", "{EE4A829C-5FD8-460B-8A90-B518B9BABB70}"
	ProjectSection(ProjectDependencies) = postProject
		{0D30FFCB-45DA-4D2B-8E3C-81BC145BF2DE} = {0D30FFCB-45DA-4D2B-8E3C-81BC145BF2DE}
	EndProjectSection
EndProject
Project("{8BC9CEB8-8B4A-11D0-8D11-00A0C91BC942}") = "dynamic", "src\tests\dynamic_dll\dynamic.vcxproj", "{3AEA2AAF-3E9B-466F-B361-560B95AD88B4}"
EndProject
Project("{8BC9CEB8-8B4A-11D0-8D11-00A0C91BC942}") = "dynamic_app", "src\tests\dynamic_app\dynamic_app.vcxproj", "{5C25E1C8-00CB-4E0A-9BEC-952F0A6E5DCA}"
	ProjectSection(ProjectDependencies) = postProject
		{3AEA2AAF-3E9B-466F-B361-560B95AD88B4} = {3AEA2AAF-3E9B-466F-B361-560B95AD88B4}
		{0D30FFCB-45DA-4D2B-8E3C-81BC145BF2DE} = {0D30FFCB-45DA-4D2B-8E3C-81BC145BF2DE}
	EndProjectSection
EndProject
Project("{8BC9CEB8-8B4A-11D0-8D11-00A0C91BC942}") = "corruption", "src\tests\corruption\corruption.vcxproj", "{87911ED6-84BC-4526-9654-A4FF4E0EDF52}"
	ProjectSection(ProjectDependencies) = postProject
		{0D30FFCB-45DA-4D2B-8E3C-81BC145BF2DE} = {0D30FFCB-45DA-4D2B-8E3C-81BC145BF2DE}
	EndProjectSection
EndProject
Project("{2150E333-8FDC-42A3-9474-1A3956D46DE8}") = "Dlls", "Dlls", "{281D5ACB-9ED2-496B-B19E-A75F4D4DA111}"
EndProject
Project("{8BC9CEB8-8B4A-11D0-8D11-00A0C91BC942}") = "libgtest", "lib\gtest\msvc\gtest.vcxproj", "{C8F6C172-56F2-4E76-B5FA-C3B423B31BE7}"
EndProject
Project("{2150E333-8FDC-42A3-9474-1A3956D46DE8}") = "Libs", "Libs", "{9FD1911C-3FAB-48DE-BE31-9F2C7B1EB58C}"
EndProject
Project("{8BC9CEB8-8B4A-11D0-8D11-00A0C91BC942}") = "libformat", "lib\cppformat\format.vcxproj", "{4ADFD279-56C6-4B1D-BA9E-B815E81C1B17}"
EndProject
Project("{8BC9CEB8-8B4A-11D0-8D11-00A0C91BC942}") = "vld_main", "src\tests\vld_main\vld_main_vs14.vcxproj", "{8C732490-DC1A-40C0-923F-1555B9141B80}"
	ProjectSection(ProjectDependencies) = postProject
		{0D30FFCB-45DA-4D2B-8E3C-81BC145BF2DE} = {0D30FFCB-45DA-4D2B-8E3C-81BC145BF2DE}
	EndProjectSection
EndProject
Project("{8BC9CEB8-8B4A-11D0-8D11-00A0C91BC942}") = "vld_unload", "src\tests\vld_unload\vld_unload_vs14.vcxproj", "{A8EEDB38-1E5A-4D6E-A3E0-F15EF1F2E814}"
	ProjectSection(ProjectDependencies) = postProject
		{50C94B05-8C3E-49ED-B2B9-5715EB624D14} = {50C94B05-8C3E-49ED-B2B9-5715EB624D14}
		{33F98E06-F44C-4E22-9E16-4C20F8238A95} = {33F98E06-F44C-4E22-9E16-4C20F8238A95}
	EndProjectSection
EndProject
Project("{8BC9CEB8-8B4A-11D0-8D11-00A0C91BC942}") = "vld_dll1", "src\tests\vld_dll1\vld_dll1_vs14.vcxproj", "{50C94B05-8C3E-49ED-B2B9-5715EB624D14}"
EndProject
Project("{8BC9CEB8-8B4A-11D0-8D11-00A0C91BC942}") = "vld_dll2", "src\tests\vld_dll2\vld_dll2_vs14.vcxproj", "{33F98E06-F44C-4E22-9E16-4C20F8238A95}"
EndProject
Project("{8BC9CEB8-8B4A-11D0-8D11-00A0C91BC942}") = "vld_main_test", "src\tests\vld_main_test\vld_main_test_vs14.vcxproj", "{BB99EDE9-D039-4169-B26B-6BFD93C6AF8E}"
	ProjectSection(ProjectDependencies) = postProject
		{8C732490-DC1A-40C0-923F-1555B9141B80} = {8C732490-DC1A-40C0-923F-1555B9141B80}
	EndProjectSection
EndProject
Global
	GlobalSection(SolutionConfigurationPlatforms) = preSolution
		Debug_StaticCrt|Win32 = Debug_StaticCrt|Win32
		Debug_StaticCrt|x64 = Debug_StaticCrt|x64
		Debug_VldRelease_StaticCrt|Win32 = Debug_VldRelease_StaticCrt|Win32
		Debug_VldRelease_StaticCrt|x64 = Debug_VldRelease_StaticCrt|x64
		Debug_VldRelease|Win32 = Debug_VldRelease|Win32
		Debug_VldRelease|x64 = Debug_VldRelease|x64
		Debug|Win32 = Debug|Win32
		Debug|x64 = Debug|x64
		Release_StaticCrt|Win32 = Release_StaticCrt|Win32
		Release_StaticCrt|x64 = Release_StaticCrt|x64
		Release|Win32 = Release|Win32
		Release|x64 = Release|x64
	EndGlobalSection
	GlobalSection(ProjectConfigurationPlatforms) = postSolution
		{0D30FFCB-45DA-4D2B-8E3C-81BC145BF2DE}.Debug_StaticCrt|Win32.ActiveCfg = Debug|Win32
		{0D30FFCB-45DA-4D2B-8E3C-81BC145BF2DE}.Debug_StaticCrt|Win32.Build.0 = Debug|Win32
		{0D30FFCB-45DA-4D2B-8E3C-81BC145BF2DE}.Debug_StaticCrt|x64.ActiveCfg = Debug|x64
		{0D30FFCB-45DA-4D2B-8E3C-81BC145BF2DE}.Debug_StaticCrt|x64.Build.0 = Debug|x64
		{0D30FFCB-45DA-4D2B-8E3C-81BC145BF2DE}.Debug_VldRelease_StaticCrt|Win32.ActiveCfg = Release|Win32
		{0D30FFCB-45DA-4D2B-8E3C-81BC145BF2DE}.Debug_VldRelease_StaticCrt|Win32.Build.0 = Release|Win32
		{0D30FFCB-45DA-4D2B-8E3C-81BC145BF2DE}.Debug_VldRelease_StaticCrt|x64.ActiveCfg = Release|x64
		{0D30FFCB-45DA-4D2B-8E3C-81BC145BF2DE}.Debug_VldRelease_StaticCrt|x64.Build.0 = Release|x64
		{0D30FFCB-45DA-4D2B-8E3C-81BC145BF2DE}.Debug_VldRelease|Win32.ActiveCfg = Release|Win32
		{0D30FFCB-45DA-4D2B-8E3C-81BC145BF2DE}.Debug_VldRelease|Win32.Build.0 = Release|Win32
		{0D30FFCB-45DA-4D2B-8E3C-81BC145BF2DE}.Debug_VldRelease|x64.ActiveCfg = Release|x64
		{0D30FFCB-45DA-4D2B-8E3C-81BC145BF2DE}.Debug_VldRelease|x64.Build.0 = Release|x64
		{0D30FFCB-45DA-4D2B-8E3C-81BC145BF2DE}.Debug|Win32.ActiveCfg = Debug|Win32
		{0D30FFCB-45DA-4D2B-8E3C-81BC145BF2DE}.Debug|Win32.Build.0 = Debug|Win32
		{0D30FFCB-45DA-4D2B-8E3C-81BC145BF2DE}.Debug|x64.ActiveCfg = Debug|x64
		{0D30FFCB-45DA-4D2B-8E3C-81BC145BF2DE}.Debug|x64.Build.0 = Debug|x64
		{0D30FFCB-45DA-4D2B-8E3C-81BC145BF2DE}.Release_StaticCrt|Win32.ActiveCfg = Release|Win32
		{0D30FFCB-45DA-4D2B-8E3C-81BC145BF2DE}.Release_StaticCrt|Win32.Build.0 = Release|Win32
		{0D30FFCB-45DA-4D2B-8E3C-81BC145BF2DE}.Release_StaticCrt|x64.ActiveCfg = Release|x64
		{0D30FFCB-45DA-4D2B-8E3C-81BC145BF2DE}.Release_StaticCrt|x64.Build.0 = Release|x64
		{0D30FFCB-45DA-4D2B-8E3C-81BC145BF2DE}.Release|Win32.ActiveCfg = Release|Win32
		{0D30FFCB-45DA-4D2B-8E3C-81BC145BF2DE}.Release|Win32.Build.0 = Release|Win32
		{0D30FFCB-45DA-4D2B-8E3C-81BC145BF2DE}.Release|x64.ActiveCfg = Release|x64
		{0D30FFCB-45DA-4D2B-8E3C-81BC145BF2DE}.Release|x64.Build.0 = Release|x64
		{0943354A-41E0-4215-878A-8D0FE758052C}.Debug_StaticCrt|Win32.ActiveCfg = Debug_StaticCrt|Win32
		{0943354A-41E0-4215-878A-8D0FE758052C}.Debug_StaticCrt|Win32.Build.0 = Debug_StaticCrt|Win32
		{0943354A-41E0-4215-878A-8D0FE758052C}.Debug_StaticCrt|x64.ActiveCfg = Debug_StaticCrt|x64
		{0943354A-41E0-4215-878A-8D0FE758052C}.Debug_StaticCrt|x64.Build.0 = Debug_StaticCrt|x64
		{0943354A-41E0-4215-878A-8D0FE758052C}.Debug_VldRelease_StaticCrt|Win32.ActiveCfg = Debug(Release)_StaticCrt|Win32
		{0943354A-41E0-4215-878A-8D0FE758052C}.Debug_VldRelease_StaticCrt|Win32.Build.0 = Debug(Release)_StaticCrt|Win32
		{0943354A-41E0-4215-878A-8D0FE758052C}.Debug_VldRelease_StaticCrt|x64.ActiveCfg = Debug(Release)_StaticCrt|x64
		{0943354A-41E0-4215-878A-8D0FE758052C}.Debug_VldRelease_StaticCrt|x64.Build.0 = Debug(Release)_StaticCrt|x64
		{0943354A-41E0-4215-878A-8D0FE758052C}.Debug_VldRelease|Win32.ActiveCfg = Debug(Release)|Win32
		{0943354A-41E0-4215-878A-8D0FE758052C}.Debug_VldRelease|Win32.Build.0 = Debug(Release)|Win32
		{0943354A-41E0-4215-878A-8D0FE758052C}.Debug_VldRelease|x64.ActiveCfg = Debug(Release)|x64
		{0943354A-41E0-4215-878A-8D0FE758052C}.Debug_VldRelease|x64.Build.0 = Debug(Release)|x64
		{0943354A-41E0-4215-878A-8D0FE758052C}.Debug|Win32.ActiveCfg = Debug|Win32
		{0943354A-41E0-4215-878A-8D0FE758052C}.Debug|Win32.Build.0 = Debug|Win32
		{0943354A-41E0-4215-878A-8D0FE758052C}.Debug|x64.ActiveCfg = Debug|x64
		{0943354A-41E0-4215-878A-8D0FE758052C}.Debug|x64.Build.0 = Debug|x64
		{0943354A-41E0-4215-878A-8D0FE758052C}.Release_StaticCrt|Win32.ActiveCfg = Release_StaticCrt|Win32
		{0943354A-41E0-4215-878A-8D0FE758052C}.Release_StaticCrt|Win32.Build.0 = Release_StaticCrt|Win32
		{0943354A-41E0-4215-878A-8D0FE758052C}.Release_StaticCrt|x64.ActiveCfg = Release_StaticCrt|x64
		{0943354A-41E0-4215-878A-8D0FE758052C}.Release_StaticCrt|x64.Build.0 = Release_StaticCrt|x64
		{0943354A-41E0-4215-878A-8D0FE758052C}.Release|Win32.ActiveCfg = Release|Win32
		{0943354A-41E0-4215-878A-8D0FE758052C}.Release|Win32.Build.0 = Release|Win32
		{0943354A-41E0-4215-878A-8D0FE758052C}.Release|x64.ActiveCfg = Release|x64
		{0943354A-41E0-4215-878A-8D0FE758052C}.Release|x64.Build.0 = Release|x64
		{EE4A829C-5FD8-460B-8A90-B518B9BABB70}.Debug_StaticCrt|Win32.ActiveCfg = Debug_StaticCrt|Win32
		{EE4A829C-5FD8-460B-8A90-B518B9BABB70}.Debug_StaticCrt|Win32.Build.0 = Debug_StaticCrt|Win32
		{EE4A829C-5FD8-460B-8A90-B518B9BABB70}.Debug_StaticCrt|x64.ActiveCfg = Debug_StaticCrt|x64
		{EE4A829C-5FD8-460B-8A90-B518B9BABB70}.Debug_StaticCrt|x64.Build.0 = Debug_StaticCrt|x64
		{EE4A829C-5FD8-460B-8A90-B518B9BABB70}.Debug_StaticCrt|x64.Deploy.0 = Debug_StaticCrt|x64
		{EE4A829C-5FD8-460B-8A90-B518B9BABB70}.Debug_VldRelease_StaticCrt|Win32.ActiveCfg = Debug(Release)_StaticCrt|Win32
		{EE4A829C-5FD8-460B-8A90-B518B9BABB70}.Debug_VldRelease_StaticCrt|Win32.Build.0 = Debug(Release)_StaticCrt|Win32
		{EE4A829C-5FD8-460B-8A90-B518B9BABB70}.Debug_VldRelease_StaticCrt|x64.ActiveCfg = Debug(Release)_StaticCrt|x64
		{EE4A829C-5FD8-460B-8A90-B518B9BABB70}.Debug_VldRelease_StaticCrt|x64.Build.0 = Debug(Release)_StaticCrt|x64
		{EE4A829C-5FD8-460B-8A90-B518B9BABB70}.Debug_VldRelease|Win32.ActiveCfg = Debug(Release)|Win32
		{EE4A829C-5FD8-460B-8A90-B518B9BABB70}.Debug_VldRelease|Win32.Build.0 = Debug(Release)|Win32
		{EE4A829C-5FD8-460B-8A90-B518B9BABB70}.Debug_VldRelease|x64.ActiveCfg = Debug(Release)|x64
		{EE4A829C-5FD8-460B-8A90-B518B9BABB70}.Debug_VldRelease|x64.Build.0 = Debug(Release)|x64
		{EE4A829C-5FD8-460B-8A90-B518B9BABB70}.Debug|Win32.ActiveCfg = Debug|Win32
		{EE4A829C-5FD8-460B-8A90-B518B9BABB70}.Debug|Win32.Build.0 = Debug|Win32
		{EE4A829C-5FD8-460B-8A90-B518B9BABB70}.Debug|x64.ActiveCfg = Debug|x64
		{EE4A829C-5FD8-460B-8A90-B518B9BABB70}.Debug|x64.Build.0 = Debug|x64
		{EE4A829C-5FD8-460B-8A90-B518B9BABB70}.Release_StaticCrt|Win32.ActiveCfg = Release_StaticCrt|Win32
		{EE4A829C-5FD8-460B-8A90-B518B9BABB70}.Release_StaticCrt|Win32.Build.0 = Release_StaticCrt|Win32
		{EE4A829C-5FD8-460B-8A90-B518B9BABB70}.Release_StaticCrt|x64.ActiveCfg = Release_StaticCrt|x64
		{EE4A829C-5FD8-460B-8A90-B518B9BABB70}.Release_StaticCrt|x64.Build.0 = Release_StaticCrt|x64
		{EE4A829C-5FD8-460B-8A90-B518B9BABB70}.Release|Win32.ActiveCfg = Release|Win32
		{EE4A829C-5FD8-460B-8A90-B518B9BABB70}.Release|Win32.Build.0 = Release|Win32
		{EE4A829C-5FD8-460B-8A90-B518B9BABB70}.Release|x64.ActiveCfg = Release|x64
		{EE4A829C-5FD8-460B-8A90-B518B9BABB70}.Release|x64.Build.0 = Release|x64
		{3AEA2AAF-3E9B-466F-B361-560B95AD88B4}.Debug_StaticCrt|Win32.ActiveCfg = Debug_StaticCrt|Win32
		{3AEA2AAF-3E9B-466F-B361-560B95AD88B4}.Debug_StaticCrt|Win32.Build.0 = Debug_StaticCrt|Win32
		{3AEA2AAF-3E9B-466F-B361-560B95AD88B4}.Debug_StaticCrt|x64.ActiveCfg = Debug_StaticCrt|x64
		{3AEA2AAF-3E9B-466F-B361-560B95AD88B4}.Debug_StaticCrt|x64.Build.0 = Debug_StaticCrt|x64
		{3AEA2AAF-3E9B-466F-B361-560B95AD88B4}.Debug_VldRelease_StaticCrt|Win32.ActiveCfg = Debug(Release)_StaticCrt|Win32
		{3AEA2AAF-3E9B-466F-B361-560B95AD88B4}.Debug_VldRelease_StaticCrt|Win32.Build.0 = Debug(Release)_StaticCrt|Win32
		{3AEA2AAF-3E9B-466F-B361-560B95AD88B4}.Debug_VldRelease_StaticCrt|x64.ActiveCfg = Debug(Release)_StaticCrt|x64
		{3AEA2AAF-3E9B-466F-B361-560B95AD88B4}.Debug_VldRelease_StaticCrt|x64.Build.0 = Debug(Release)_StaticCrt|x64
		{3AEA2AAF-3E9B-466F-B361-560B95AD88B4}.Debug_VldRelease|Win32.ActiveCfg = Debug(Release)|Win32
		{3AEA2AAF-3E9B-466F-B361-560B95AD88B4}.Debug_VldRelease|Win32.Build.0 = Debug(Release)|Win32
		{3AEA2AAF-3E9B-466F-B361-560B95AD88B4}.Debug_VldRelease|x64.ActiveCfg = Debug(Release)|x64
		{3AEA2AAF-3E9B-466F-B361-560B95AD88B4}.Debug_VldRelease|x64.Build.0 = Debug(Release)|x64
		{3AEA2AAF-3E9B-466F-B361-560B95AD88B4}.Debug|Win32.ActiveCfg = Debug|Win32
		{3AEA2AAF-3E9B-466F-B361-560B95AD88B4}.Debug|Win32.Build.0 = Debug|Win32
		{3AEA2AAF-3E9B-466F-B361-560B95AD88B4}.Debug|x64.ActiveCfg = Debug|x64
		{3AEA2AAF-3E9B-466F-B361-560B95AD88B4}.Debug|x64.Build.0 = Debug|x64
		{3AEA2AAF-3E9B-466F-B361-560B95AD88B4}.Release_StaticCrt|Win32.ActiveCfg = Release_StaticCrt|Win32
		{3AEA2AAF-3E9B-466F-B361-560B95AD88B4}.Release_StaticCrt|Win32.Build.0 = Release_StaticCrt|Win32
		{3AEA2AAF-3E9B-466F-B361-560B95AD88B4}.Release_StaticCrt|x64.ActiveCfg = Release_StaticCrt|x64
		{3AEA2AAF-3E9B-466F-B361-560B95AD88B4}.Release_StaticCrt|x64.Build.0 = Release_StaticCrt|x64
		{3AEA2AAF-3E9B-466F-B361-560B95AD88B4}.Release|Win32.ActiveCfg = Release|Win32
		{3AEA2AAF-3E9B-466F-B361-560B95AD88B4}.Release|Win32.Build.0 = Release|Win32
		{3AEA2AAF-3E9B-466F-B361-560B95AD88B4}.Release|x64.ActiveCfg = Release|x64
		{3AEA2AAF-3E9B-466F-B361-560B95AD88B4}.Release|x64.Build.0 = Release|x64
		{5C25E1C8-00CB-4E0A-9BEC-952F0A6E5DCA}.Debug_StaticCrt|Win32.ActiveCfg = Debug_StaticCrt|Win32
		{5C25E1C8-00CB-4E0A-9BEC-952F0A6E5DCA}.Debug_StaticCrt|Win32.Build.0 = Debug_StaticCrt|Win32
		{5C25E1C8-00CB-4E0A-9BEC-952F0A6E5DCA}.Debug_StaticCrt|x64.ActiveCfg = Debug_StaticCrt|x64
		{5C25E1C8-00CB-4E0A-9BEC-952F0A6E5DCA}.Debug_StaticCrt|x64.Build.0 = Debug_StaticCrt|x64
		{5C25E1C8-00CB-4E0A-9BEC-952F0A6E5DCA}.Debug_VldRelease_StaticCrt|Win32.ActiveCfg = Debug(Release)_StaticCrt|Win32
		{5C25E1C8-00CB-4E0A-9BEC-952F0A6E5DCA}.Debug_VldRelease_StaticCrt|Win32.Build.0 = Debug(Release)_StaticCrt|Win32
		{5C25E1C8-00CB-4E0A-9BEC-952F0A6E5DCA}.Debug_VldRelease_StaticCrt|x64.ActiveCfg = Debug(Release)_StaticCrt|x64
		{5C25E1C8-00CB-4E0A-9BEC-952F0A6E5DCA}.Debug_VldRelease_StaticCrt|x64.Build.0 = Debug(Release)_StaticCrt|x64
		{5C25E1C8-00CB-4E0A-9BEC-952F0A6E5DCA}.Debug_VldRelease|Win32.ActiveCfg = Debug(Release)|Win32
		{5C25E1C8-00CB-4E0A-9BEC-952F0A6E5DCA}.Debug_VldRelease|Win32.Build.0 = Debug(Release)|Win32
		{5C25E1C8-00CB-4E0A-9BEC-952F0A6E5DCA}.Debug_VldRelease|x64.ActiveCfg = Debug(Release)|x64
		{5C25E1C8-00CB-4E0A-9BEC-952F0A6E5DCA}.Debug_VldRelease|x64.Build.0 = Debug(Release)|x64
		{5C25E1C8-00CB-4E0A-9BEC-952F0A6E5DCA}.Debug|Win32.ActiveCfg = Debug|Win32
		{5C25E1C8-00CB-4E0A-9BEC-952F0A6E5DCA}.Debug|Win32.Build.0 = Debug|Win32
		{5C25E1C8-00CB-4E0A-9BEC-952F0A6E5DCA}.Debug|x64.ActiveCfg = Debug|x64
		{5C25E1C8-00CB-4E0A-9BEC-952F0A6E5DCA}.Debug|x64.Build.0 = Debug|x64
		{5C25E1C8-00CB-4E0A-9BEC-952F0A6E5DCA}.Release_StaticCrt|Win32.ActiveCfg = Release_StaticCrt|Win32
		{5C25E1C8-00CB-4E0A-9BEC-952F0A6E5DCA}.Release_StaticCrt|Win32.Build.0 = Release_StaticCrt|Win32
		{5C25E1C8-00CB-4E0A-9BEC-952F0A6E5DCA}.Release_StaticCrt|x64.ActiveCfg = Release_StaticCrt|x64
		{5C25E1C8-00CB-4E0A-9BEC-952F0A6E5DCA}.Release_StaticCrt|x64.Build.0 = Release_StaticCrt|x64
		{5C25E1C8-00CB-4E0A-9BEC-952F0A6E5DCA}.Release|Win32.ActiveCfg = Release|Win32
		{5C25E1C8-00CB-4E0A-9BEC-952F0A6E5DCA}.Release|Win32.Build.0 = Release|Win32
		{5C25E1C8-00CB-4E0A-9BEC-952F0A6E5DCA}.Release|x64.ActiveCfg = Release|x64
		{5C25E1C8-00CB-4E0A-9BEC-952F0A6E5DCA}.Release|x64.Build.0 = Release|x64
		{87911ED6-84BC-4526-9654-A4FF4E0EDF52}.Debug_StaticCrt|Win32.ActiveCfg = Debug_StaticCrt|Win32
		{87911ED6-84BC-4526-9654-A4FF4E0EDF52}.Debug_StaticCrt|Win32.Build.0 = Debug_StaticCrt|Win32
		{87911ED6-84BC-4526-9654-A4FF4E0EDF52}.Debug_StaticCrt|x64.ActiveCfg = Debug_StaticCrt|x64
		{87911ED6-84BC-4526-9654-A4FF4E0EDF52}.Debug_StaticCrt|x64.Build.0 = Debug_StaticCrt|x64
		{87911ED6-84BC-4526-9654-A4FF4E0EDF52}.Debug_VldRelease_StaticCrt|Win32.ActiveCfg = Debug(Release)_StaticCrt|Win32
		{87911ED6-84BC-4526-9654-A4FF4E0EDF52}.Debug_VldRelease_StaticCrt|Win32.Build.0 = Debug(Release)_StaticCrt|Win32
		{87911ED6-84BC-4526-9654-A4FF4E0EDF52}.Debug_VldRelease_StaticCrt|x64.ActiveCfg = Debug(Release)_StaticCrt|x64
		{87911ED6-84BC-4526-9654-A4FF4E0EDF52}.Debug_VldRelease_StaticCrt|x64.Build.0 = Debug(Release)_StaticCrt|x64
		{87911ED6-84BC-4526-9654-A4FF4E0EDF52}.Debug_VldRelease|Win32.ActiveCfg = Debug(Release)|Win32
		{87911ED6-84BC-4526-9654-A4FF4E0EDF52}.Debug_VldRelease|Win32.Build.0 = Debug(Release)|Win32
		{87911ED6-84BC-4526-9654-A4FF4E0EDF52}.Debug_VldRelease|x64.ActiveCfg = Debug(Release)|x64
		{87911ED6-84BC-4526-9654-A4FF4E0EDF52}.Debug_VldRelease|x64.Build.0 = Debug(Release)|x64
		{87911ED6-84BC-4526-9654-A4FF4E0EDF52}.Debug|Win32.ActiveCfg = Debug|Win32
		{87911ED6-84BC-4526-9654-A4FF4E0EDF52}.Debug|Win32.Build.0 = Debug|Win32
		{87911ED6-84BC-4526-9654-A4FF4E0EDF52}.Debug|x64.ActiveCfg = Debug|x64
		{87911ED6-84BC-4526-9654-A4FF4E0EDF52}.Debug|x64.Build.0 = Debug|x64
		{87911ED6-84BC-4526-9654-A4FF4E0EDF52}.Release_StaticCrt|Win32.ActiveCfg = Release_StaticCrt|Win32
		{87911ED6-84BC-4526-9654-A4FF4E0EDF52}.Release_StaticCrt|Win32.Build.0 = Release_StaticCrt|Win32
		{87911ED6-84BC-4526-9654-A4FF4E0EDF52}.Release_StaticCrt|x64.ActiveCfg = Release_StaticCrt|x64
		{87911ED6-84BC-4526-9654-A4FF4E0EDF52}.Release_StaticCrt|x64.Build.0 = Release_StaticCrt|x64
		{87911ED6-84BC-4526-9654-A4FF4E0EDF52}.Release|Win32.ActiveCfg = Release|Win32
		{87911ED6-84BC-4526-9654-A4FF4E0EDF52}.Release|Win32.Build.0 = Release|Win32
		{87911ED6-84BC-4526-9654-A4FF4E0EDF52}.Release|x64.ActiveCfg = Release|x64
		{87911ED6-84BC-4526-9654-A4FF4E0EDF52}.Release|x64.Build.0 = Release|x64
		{C8F6C172-56F2-4E76-B5FA-C3B423B31BE7}.Debug_StaticCrt|Win32.ActiveCfg = Debug_StaticCrt|Win32
		{C8F6C172-56F2-4E76-B5FA-C3B423B31BE7}.Debug_StaticCrt|Win32.Build.0 = Debug_StaticCrt|Win32
		{C8F6C172-56F2-4E76-B5FA-C3B423B31BE7}.Debug_StaticCrt|x64.ActiveCfg = Debug_StaticCrt|x64
		{C8F6C172-56F2-4E76-B5FA-C3B423B31BE7}.Debug_StaticCrt|x64.Build.0 = Debug_StaticCrt|x64
		{C8F6C172-56F2-4E76-B5FA-C3B423B31BE7}.Debug_VldRelease_StaticCrt|Win32.ActiveCfg = Debug_StaticCrt|Win32
		{C8F6C172-56F2-4E76-B5FA-C3B423B31BE7}.Debug_VldRelease_StaticCrt|Win32.Build.0 = Debug_StaticCrt|Win32
		{C8F6C172-56F2-4E76-B5FA-C3B423B31BE7}.Debug_VldRelease_StaticCrt|x64.ActiveCfg = Debug_StaticCrt|x64
		{C8F6C172-56F2-4E76-B5FA-C3B423B31BE7}.Debug_VldRelease_StaticCrt|x64.Build.0 = Debug_StaticCrt|x64
		{C8F6C172-56F2-4E76-B5FA-C3B423B31BE7}.Debug_VldRelease|Win32.ActiveCfg = Debug|Win32
		{C8F6C172-56F2-4E76-B5FA-C3B423B31BE7}.Debug_VldRelease|Win32.Build.0 = Debug|Win32
		{C8F6C172-56F2-4E76-B5FA-C3B423B31BE7}.Debug_VldRelease|x64.ActiveCfg = Debug|x64
		{C8F6C172-56F2-4E76-B5FA-C3B423B31BE7}.Debug_VldRelease|x64.Build.0 = Debug|x64
		{C8F6C172-56F2-4E76-B5FA-C3B423B31BE7}.Debug|Win32.ActiveCfg = Debug|Win32
		{C8F6C172-56F2-4E76-B5FA-C3B423B31BE7}.Debug|Win32.Build.0 = Debug|Win32
		{C8F6C172-56F2-4E76-B5FA-C3B423B31BE7}.Debug|x64.ActiveCfg = Debug|x64
		{C8F6C172-56F2-4E76-B5FA-C3B423B31BE7}.Debug|x64.Build.0 = Debug|x64
		{C8F6C172-56F2-4E76-B5FA-C3B423B31BE7}.Release_StaticCrt|Win32.ActiveCfg = Release_StaticCrt|Win32
		{C8F6C172-56F2-4E76-B5FA-C3B423B31BE7}.Release_StaticCrt|Win32.Build.0 = Release_StaticCrt|Win32
		{C8F6C172-56F2-4E76-B5FA-C3B423B31BE7}.Release_StaticCrt|x64.ActiveCfg = Release_StaticCrt|x64
		{C8F6C172-56F2-4E76-B5FA-C3B423B31BE7}.Release_StaticCrt|x64.Build.0 = Release_StaticCrt|x64
		{C8F6C172-56F2-4E76-B5FA-C3B423B31BE7}.Release|Win32.ActiveCfg = Release|Win32
		{C8F6C172-56F2-4E76-B5FA-C3B423B31BE7}.Release|Win32.Build.0 = Release|Win32
		{C8F6C172-56F2-4E76-B5FA-C3B423B31BE7}.Release|x64.ActiveCfg = Release|x64
		{C8F6C172-56F2-4E76-B5FA-C3B423B31BE7}.Release|x64.Build.0 = Release|x64
		{4ADFD279-56C6-4B1D-BA9E-B815E81C1B17}.Debug_StaticCrt|Win32.ActiveCfg = Debug|Win32
		{4ADFD279-56C6-4B1D-BA9E-B815E81C1B17}.Debug_StaticCrt|Win32.Build.0 = Debug|Win32
		{4ADFD279-56C6-4B1D-BA9E-B815E81C1B17}.Debug_StaticCrt|x64.ActiveCfg = Debug|x64
		{4ADFD279-56C6-4B1D-BA9E-B815E81C1B17}.Debug_StaticCrt|x64.Build.0 = Debug|x64
		{4ADFD279-56C6-4B1D-BA9E-B815E81C1B17}.Debug_VldRelease_StaticCrt|Win32.ActiveCfg = Release|Win32
		{4ADFD279-56C6-4B1D-BA9E-B815E81C1B17}.Debug_VldRelease_StaticCrt|Win32.Build.0 = Release|Win32
		{4ADFD279-56C6-4B1D-BA9E-B815E81C1B17}.Debug_VldRelease_StaticCrt|x64.ActiveCfg = Release|x64
		{4ADFD279-56C6-4B1D-BA9E-B815E81C1B17}.Debug_VldRelease_StaticCrt|x64.Build.0 = Release|x64
		{4ADFD279-56C6-4B1D-BA9E-B815E81C1B17}.Debug_VldRelease|Win32.ActiveCfg = Release|Win32
		{4ADFD279-56C6-4B1D-BA9E-B815E81C1B17}.Debug_VldRelease|Win32.Build.0 = Release|Win32
		{4ADFD279-56C6-4B1D-BA9E-B815E81C1B17}.Debug_VldRelease|x64.ActiveCfg = Release|x64
		{4ADFD279-56C6-4B1D-BA9E-B815E81C1B17}.Debug_VldRelease|x64.Build.0 = Release|x64
		{4ADFD279-56C6-4B1D-BA9E-B815E81C1B17}.Debug|Win32.ActiveCfg = Debug|Win32
		{4ADFD279-56C6-4B1D-BA9E-B815E81C1B17}.Debug|Win32.Build.0 = Debug|Win32
		{4ADFD279-56C6-4B1D-BA9E-B815E81C1B17}.Debug|x64.ActiveCfg = Debug|x64
		{4ADFD279-56C6-4B1D-BA9E-B815E81C1B17}.Debug|x64.Build.0 = Debug|x64
		{4ADFD279-56C6-4B1D-BA9E-B815E81C1B17}.Release_StaticCrt|Win32.ActiveCfg = Release|Win32
		{4ADFD279-56C6-4B1D-BA9E-B815E81C1B17}.Release_StaticCrt|Win32.Build.0 = Release|Win32
		{4ADFD279-56C6-4B1D-BA9E-B815E81C1B17}.Release_StaticCrt|x64.ActiveCfg = Release|x64
		{4ADFD279-56C6-4B1D-BA9E-B815E81C1B17}.Release_StaticCrt|x64.Build.0 = Release|x64
		{4ADFD279-56C6-4B1D-BA9E-B815E81C1B17}.Release|Win32.ActiveCfg = Release|Win32
		{4ADFD279-56C6-4B1D-BA9E-B815E81C1B17}.Release|Win32.Build.0 = Release|Win32
		{4ADFD279-56C6-4B1D-BA9E-B815E81C1B17}.Release|x64.ActiveCfg = Release|x64
		{4ADFD279-56C6-4B1D-BA9E-B815E81C1B17}.Release|x64.Build.0 = Release|x64
		{8C732490-DC1A-40C0-923F-1555B9141B80}.Debug_StaticCrt|Win32.ActiveCfg = Debug_StaticCrt|Win32
		{8C732490-DC1A-40C0-923F-1555B9141B80}.Debug_StaticCrt|Win32.Build.0 = Debug_StaticCrt|Win32
		{8C732490-DC1A-40C0-923F-1555B9141B80}.Debug_StaticCrt|x64.ActiveCfg = Debug_StaticCrt|x64
		{8C732490-DC1A-40C0-923F-1555B9141B80}.Debug_StaticCrt|x64.Build.0 = Debug_StaticCrt|x64
		{8C732490-DC1A-40C0-923F-1555B9141B80}.Debug_VldRelease_StaticCrt|Win32.ActiveCfg = Debug(Release)_StaticCrt|Win32
		{8C732490-DC1A-40C0-923F-1555B9141B80}.Debug_VldRelease_StaticCrt|Win32.Build.0 = Debug(Release)_StaticCrt|Win32
		{8C732490-DC1A-40C0-923F-1555B9141B80}.Debug_VldRelease_StaticCrt|x64.ActiveCfg = Debug(Release)_StaticCrt|x64
		{8C732490-DC1A-40C0-923F-1555B9141B80}.Debug_VldRelease_StaticCrt|x64.Build.0 = Debug(Release)_StaticCrt|x64
		{8C732490-DC1A-40C0-923F-1555B9141B80}.Debug_VldRelease|Win32.ActiveCfg = Debug(Release)|Win32
		{8C732490-DC1A-40C0-923F-1555B9141B80}.Debug_VldRelease|Win32.Build.0 = Debug(Release)|Win32
		{8C732490-DC1A-40C0-923F-1555B9141B80}.Debug_VldRelease|x64.ActiveCfg = Debug(Release)|x64
		{8C732490-DC1A-40C0-923F-1555B9141B80}.Debug_VldRelease|x64.Build.0 = Debug(Release)|x64
		{8C732490-DC1A-40C0-923F-1555B9141B80}.Debug|Win32.ActiveCfg = Debug|Win32
		{8C732490-DC1A-40C0-923F-1555B9141B80}.Debug|Win32.Build.0 = Debug|Win32
		{8C732490-DC1A-40C0-923F-1555B9141B80}.Debug|x64.ActiveCfg = Debug|x64
		{8C732490-DC1A-40C0-923F-1555B9141B80}.Debug|x64.Build.0 = Debug|x64
		{8C732490-DC1A-40C0-923F-1555B9141B80}.Release_StaticCrt|Win32.ActiveCfg = Release_StaticCrt|Win32
		{8C732490-DC1A-40C0-923F-1555B9141B80}.Release_StaticCrt|Win32.Build.0 = Release_StaticCrt|Win32
		{8C732490-DC1A-40C0-923F-1555B9141B80}.Release_StaticCrt|x64.ActiveCfg = Release_StaticCrt|x64
		{8C732490-DC1A-40C0-923F-1555B9141B80}.Release_StaticCrt|x64.Build.0 = Release_StaticCrt|x64
		{8C732490-DC1A-40C0-923F-1555B9141B80}.Release|Win32.ActiveCfg = Release|Win32
		{8C732490-DC1A-40C0-923F-1555B9141B80}.Release|Win32.Build.0 = Release|Win32
		{8C732490-DC1A-40C0-923F-1555B9141B80}.Release|x64.ActiveCfg = Release|x64
		{8C732490-DC1A-40C0-923F-1555B9141B80}.Release|x64.Build.0 = Release|x64
		{A8EEDB38-1E5A-4D6E-A3E0-F15EF1F2E814}.Debug_StaticCrt|Win32.ActiveCfg = Debug_StaticCrt|Win32
		{A8EEDB38-1E5A-4D6E-A3E0-F15EF1F2E814}.Debug_StaticCrt|Win32.Build.0 = Debug_StaticCrt|Win32
		{A8EEDB38-1E5A-4D6E-A3E0-F15EF1F2E814}.Debug_StaticCrt|x64.ActiveCfg = Debug_StaticCrt|x64
		{A8EEDB38-1E5A-4D6E-A3E0-F15EF1F2E814}.Debug_StaticCrt|x64.Build.0 = Debug_StaticCrt|x64
		{A8EEDB38-1E5A-4D6E-A3E0-F15EF1F2E814}.Debug_VldRelease_StaticCrt|Win32.ActiveCfg = Debug(Release)_StaticCrt|Win32
		{A8EEDB38-1E5A-4D6E-A3E0-F15EF1F2E814}.Debug_VldRelease_StaticCrt|Win32.Build.0 = Debug(Release)_StaticCrt|Win32
		{A8EEDB38-1E5A-4D6E-A3E0-F15EF1F2E814}.Debug_VldRelease_StaticCrt|x64.ActiveCfg = Debug(Release)_StaticCrt|x64
		{A8EEDB38-1E5A-4D6E-A3E0-F15EF1F2E814}.Debug_VldRelease_StaticCrt|x64.Build.0 = Debug(Release)_StaticCrt|x64
		{A8EEDB38-1E5A-4D6E-A3E0-F15EF1F2E814}.Debug_VldRelease|Win32.ActiveCfg = Debug(Release)|Win32
		{A8EEDB38-1E5A-4D6E-A3E0-F15EF1F2E814}.Debug_VldRelease|Win32.Build.0 = Debug(Release)|Win32
		{A8EEDB38-1E5A-4D6E-A3E0-F15EF1F2E814}.Debug_VldRelease|x64.ActiveCfg = Debug(Release)|x64
		{A8EEDB38-1E5A-4D6E-A3E0-F15EF1F2E814}.Debug_VldRelease|x64.Build.0 = Debug(Release)|x64
		{A8EEDB38-1E5A-4D6E-A3E0-F15EF1F2E814}.Debug|Win32.ActiveCfg = Debug|Win32
		{A8EEDB38-1E5A-4D6E-A3E0-F15EF1F2E814}.Debug|Win32.Build.0 = Debug|Win32
		{A8EEDB38-1E5A-4D6E-A3E0-F15EF1F2E814}.Debug|x64.ActiveCfg = Debug|x64
		{A8EEDB38-1E5A-4D6E-A3E0-F15EF1F2E814}.Debug|x64.Build.0 = Debug|x64
		{A8EEDB38-1E5A-4D6E-A3E0-F15EF1F2E814}.Release_StaticCrt|Win32.ActiveCfg = Release_StaticCrt|Win32
		{A8EEDB38-1E5A-4D6E-A3E0-F15EF1F2E814}.Release_StaticCrt|Win32.Build.0 = Release_StaticCrt|Win32
		{A8EEDB38-1E5A-4D6E-A3E0-F15EF1F2E814}.Release_StaticCrt|x64.ActiveCfg = Release_StaticCrt|x64
		{A8EEDB38-1E5A-4D6E-A3E0-F15EF1F2E814}.Release_StaticCrt|x64.Build.0 = Release_StaticCrt|x64
		{A8EEDB38-1E5A-4D6E-A3E0-F15EF1F2E814}.Release|Win32.ActiveCfg = Release|Win32
		{A8EEDB38-1E5A-4D6E-A3E0-F15EF1F2E814}.Release|Win32.Build.0 = Release|Win32
		{A8EEDB38-1E5A-4D6E-A3E0-F15EF1F2E814}.Release|x64.ActiveCfg = Release|x64
		{A8EEDB38-1E5A-4D6E-A3E0-F15EF1F2E814}.Release|x64.Build.0 = Release|x64
		{50C94B05-8C3E-49ED-B2B9-5715EB624D14}.Debug_StaticCrt|Win32.ActiveCfg = Debug_StaticCrt|Win32
		{50C94B05-8C3E-49ED-B2B9-5715EB624D14}.Debug_StaticCrt|Win32.Build.0 = Debug_StaticCrt|Win32
		{50C94B05-8C3E-49ED-B2B9-5715EB624D14}.Debug_StaticCrt|x64.ActiveCfg = Debug_StaticCrt|x64
		{50C94B05-8C3E-49ED-B2B9-5715EB624D14}.Debug_StaticCrt|x64.Build.0 = Debug_StaticCrt|x64
		{50C94B05-8C3E-49ED-B2B9-5715EB624D14}.Debug_VldRelease_StaticCrt|Win32.ActiveCfg = Debug(Release)_StaticCrt|Win32
		{50C94B05-8C3E-49ED-B2B9-5715EB624D14}.Debug_VldRelease_StaticCrt|Win32.Build.0 = Debug(Release)_StaticCrt|Win32
		{50C94B05-8C3E-49ED-B2B9-5715EB624D14}.Debug_VldRelease_StaticCrt|x64.ActiveCfg = Debug(Release)_StaticCrt|x64
		{50C94B05-8C3E-49ED-B2B9-5715EB624D14}.Debug_VldRelease_StaticCrt|x64.Build.0 = Debug(Release)_StaticCrt|x64
		{50C94B05-8C3E-49ED-B2B9-5715EB624D14}.Debug_VldRelease|Win32.ActiveCfg = Debug(Release)|Win32
		{50C94B05-8C3E-49ED-B2B9-5715EB624D14}.Debug_VldRelease|Win32.Build.0 = Debug(Release)|Win32
		{50C94B05-8C3E-49ED-B2B9-5715EB624D14}.Debug_VldRelease|x64.ActiveCfg = Debug(Release)|x64
		{50C94B05-8C3E-49ED-B2B9-5715EB624D14}.Debug_VldRelease|x64.Build.0 = Debug(Release)|x64
		{50C94B05-8C3E-49ED-B2B9-5715EB624D14}.Debug|Win32.ActiveCfg = Debug|Win32
		{50C94B05-8C3E-49ED-B2B9-5715EB624D14}.Debug|Win32.Build.0 = Debug|Win32
		{50C94B05-8C3E-49ED-B2B9-5715EB624D14}.Debug|x64.ActiveCfg = Debug|x64
		{50C94B05-8C3E-49ED-B2B9-5715EB624D14}.Debug|x64.Build.0 = Debug|x64
		{50C94B05-8C3E-49ED-B2B9-5715EB624D14}.Release_StaticCrt|Win32.ActiveCfg = Release_StaticCrt|Win32
		{50C94B05-8C3E-49ED-B2B9-5715EB624D14}.Release_StaticCrt|Win32.Build.0 = Release_StaticCrt|Win32
		{50C94B05-8C3E-49ED-B2B9-5715EB624D14}.Release_StaticCrt|x64.ActiveCfg = Release_StaticCrt|x64
		{50C94B05-8C3E-49ED-B2B9-5715EB624D14}.Release_StaticCrt|x64.Build.0 = Release_StaticCrt|x64
		{50C94B05-8C3E-49ED-B2B9-5715EB624D14}.Release|Win32.ActiveCfg = Release|Win32
		{50C94B05-8C3E-49ED-B2B9-5715EB624D14}.Release|Win32.Build.0 = Release|Win32
		{50C94B05-8C3E-49ED-B2B9-5715EB624D14}.Release|x64.ActiveCfg = Release|x64
		{50C94B05-8C3E-49ED-B2B9-5715EB624D14}.Release|x64.Build.0 = Release|x64
		{33F98E06-F44C-4E22-9E16-4C20F8238A95}.Debug_StaticCrt|Win32.ActiveCfg = Debug_StaticCrt|Win32
		{33F98E06-F44C-4E22-9E16-4C20F8238A95}.Debug_StaticCrt|Win32.Build.0 = Debug_StaticCrt|Win32
		{33F98E06-F44C-4E22-9E16-4C20F8238A95}.Debug_StaticCrt|x64.ActiveCfg = Debug_StaticCrt|x64
		{33F98E06-F44C-4E22-9E16-4C20F8238A95}.Debug_StaticCrt|x64.Build.0 = Debug_StaticCrt|x64
		{33F98E06-F44C-4E22-9E16-4C20F8238A95}.Debug_VldRelease_StaticCrt|Win32.ActiveCfg = Debug(Release)_StaticCrt|Win32
		{33F98E06-F44C-4E22-9E16-4C20F8238A95}.Debug_VldRelease_StaticCrt|Win32.Build.0 = Debug(Release)_StaticCrt|Win32
		{33F98E06-F44C-4E22-9E16-4C20F8238A95}.Debug_VldRelease_StaticCrt|x64.ActiveCfg = Debug(Release)_StaticCrt|x64
		{33F98E06-F44C-4E22-9E16-4C20F8238A95}.Debug_VldRelease_StaticCrt|x64.Build.0 = Debug(Release)_StaticCrt|x64
		{33F98E06-F44C-4E22-9E16-4C20F8238A95}.Debug_VldRelease|Win32.ActiveCfg = Debug(Release)|Win32
		{33F98E06-F44C-4E22-9E16-4C20F8238A95}.Debug_VldRelease|Win32.Build.0 = Debug(Release)|Win32
		{33F98E06-F44C-4E22-9E16-4C20F8238A95}.Debug_VldRelease|x64.ActiveCfg = Debug(Release)|x64
		{33F98E06-F44C-4E22-9E16-4C20F8238A95}.Debug_VldRelease|x64.Build.0 = Debug(Release)|x64
		{33F98E06-F44C-4E22-9E16-4C20F8238A95}.Debug|Win32.ActiveCfg = Debug|Win32
		{33F98E06-F44C-4E22-9E16-4C20F8238A95}.Debug|Win32.Build.0 = Debug|Win32
		{33F98E06-F44C-4E22-9E16-4C20F8238A95}.Debug|x64.ActiveCfg = Debug|x64
		{33F98E06-F44C-4E22-9E16-4C20F8238A95}.Debug|x64.Build.0 = Debug|x64
		{33F98E06-F44C-4E22-9E16-4C20F8238A95}.Release_StaticCrt|Win32.ActiveCfg = Release_StaticCrt|Win32
		{33F98E06-F44C-4E22-9E16-4C20F8238A95}.Release_StaticCrt|Win32.Build.0 = Release_StaticCrt|Win32
		{33F98E06-F44C-4E22-9E16-4C20F8238A95}.Release_StaticCrt|x64.ActiveCfg = Release_StaticCrt|x64
		{33F98E06-F44C-4E22-9E16-4C20F8238A95}.Release_StaticCrt|x64.Build.0 = Release_StaticCrt|x64
		{33F98E06-F44C-4E22-9E16-4C20F8238A95}.Release|Win32.ActiveCfg = Release|Win32
		{33F98E06-F44C-4E22-9E16-4C20F8238A95}.Release|Win32.Build.0 = Release|Win32
		{33F98E06-F44C-4E22-9E16-4C20F8238A95}.Release|x64.ActiveCfg = Release|x64
		{33F98E06-F44C-4E22-9E16-4C20F8238A95}.Release|x64.Build.0 = Release|x64
		{BB99EDE9-D039-4169-B26B-6BFD93C6AF8E}.Debug_StaticCrt|Win32.ActiveCfg = Debug_StaticCrt|Win32
		{BB99EDE9-D039-4169-B26B-6BFD93C6AF8E}.Debug_StaticCrt|Win32.Build.0 = Debug_StaticCrt|Win32
		{BB99EDE9-D039-4169-B26B-6BFD93C6AF8E}.Debug_StaticCrt|x64.ActiveCfg = Debug_StaticCrt|x64
		{BB99EDE9-D039-4169-B26B-6BFD93C6AF8E}.Debug_StaticCrt|x64.Build.0 = Debug_StaticCrt|x64
		{BB99EDE9-D039-4169-B26B-6BFD93C6AF8E}.Debug_VldRelease_StaticCrt|Win32.ActiveCfg = Debug(Release)_StaticCrt|Win32
		{BB99EDE9-D039-4169-B26B-6BFD93C6AF8E}.Debug_VldRelease_StaticCrt|Win32.Build.0 = Debug(Release)_StaticCrt|Win32
		{BB99EDE9-D039-4169-B26B-6BFD93C6AF8E}.Debug_VldRelease_StaticCrt|x64.ActiveCfg = Debug(Release)_StaticCrt|x64
		{BB99EDE9-D039-4169-B26B-6BFD93C6AF8E}.Debug_VldRelease_StaticCrt|x64.Build.0 = Debug(Release)_StaticCrt|x64
		{BB99EDE9-D039-4169-B26B-6BFD93C6AF8E}.Debug_VldRelease|Win32.ActiveCfg = Debug(Release)|Win32
		{BB99EDE9-D039-4169-B26B-6BFD93C6AF8E}.Debug_VldRelease|Win32.Build.0 = Debug(Release)|Win32
		{BB99EDE9-D039-4169-B26B-6BFD93C6AF8E}.Debug_VldRelease|x64.ActiveCfg = Debug(Release)|x64
		{BB99EDE9-D039-4169-B26B-6BFD93C6AF8E}.Debug_VldRelease|x64.Build.0 = Debug(Release)|x64
		{BB99EDE9-D039-4169-B26B-6BFD93C6AF8E}.Debug|Win32.ActiveCfg = Debug|Win32
		{BB99EDE9-D039-4169-B26B-6BFD93C6AF8E}.Debug|Win32.Build.0 = Debug|Win32
		{BB99EDE9-D039-4169-B26B-6BFD93C6AF8E}.Debug|x64.ActiveCfg = Debug|x64
		{BB99EDE9-D039-4169-B26B-6BFD93C6AF8E}.Debug|x64.Build.0 = Debug|x64
		{BB99EDE9-D039-4169-B26B-6BFD93C6AF8E}.Release_StaticCrt|Win32.ActiveCfg = Release_StaticCrt|Win32
		{BB99EDE9-D039-4169-B26B-6BFD93C6AF8E}.Release_StaticCrt|Win32.Build.0 = Release_StaticCrt|Win32
		{BB99EDE9-D039-4169-B26B-6BFD93C6AF8E}.Release_StaticCrt|x64.ActiveCfg = Release_StaticCrt|x64
		{BB99EDE9-D039-4169-B26B-6BFD93C6AF8E}.Release_StaticCrt|x64.Build.0 = Release_StaticCrt|x64
		{BB99EDE9-D039-4169-B26B-6BFD93C6AF8E}.Release|Win32.ActiveCfg = Release|Win32
		{BB99EDE9-D039-4169-B26B-6BFD93C6AF8E}.Release|Win32.Build.0 = Release|Win32
		{BB99EDE9-D039-4169-B26B-6BFD93C6AF8E}.Release|x64.ActiveCfg = Release|x64
		{BB99EDE9-D039-4169-B26B-6BFD93C6AF8E}.Release|x64.Build.0 = Release|x64
	EndGlobalSection
	GlobalSection(SolutionProperties) = preSolution
		HideSolutionNode = FALSE
	EndGlobalSection
	GlobalSection(NestedProjects) = preSolution
		{0943354A-41E0-4215-878A-8D0FE758052C} = {9F9CFA3A-F154-4069-89E3-19BDC6BD3A7D}
		{EE4A829C-5FD8-460B-8A90-B518B9BABB70} = {9F9CFA3A-F154-4069-89E3-19BDC6BD3A7D}
		{3AEA2AAF-3E9B-466F-B361-560B95AD88B4} = {281D5ACB-9ED2-496B-B19E-A75F4D4DA111}
		{5C25E1C8-00CB-4E0A-9BEC-952F0A6E5DCA} = {9F9CFA3A-F154-4069-89E3-19BDC6BD3A7D}
		{87911ED6-84BC-4526-9654-A4FF4E0EDF52} = {9F9CFA3A-F154-4069-89E3-19BDC6BD3A7D}
		{281D5ACB-9ED2-496B-B19E-A75F4D4DA111} = {9F9CFA3A-F154-4069-89E3-19BDC6BD3A7D}
		{C8F6C172-56F2-4E76-B5FA-C3B423B31BE7} = {9FD1911C-3FAB-48DE-BE31-9F2C7B1EB58C}
		{9FD1911C-3FAB-48DE-BE31-9F2C7B1EB58C} = {9F9CFA3A-F154-4069-89E3-19BDC6BD3A7D}
		{4ADFD279-56C6-4B1D-BA9E-B815E81C1B17} = {9FD1911C-3FAB-48DE-BE31-9F2C7B1EB58C}
		{8C732490-DC1A-40C0-923F-1555B9141B80} = {9F9CFA3A-F154-4069-89E3-19BDC6BD3A7D}
		{A8EEDB38-1E5A-4D6E-A3E0-F15EF1F2E814} = {9F9CFA3A-F154-4069-89E3-19BDC6BD3A7D}
		{50C94B05-8C3E-49ED-B2B9-5715EB624D14} = {281D5ACB-9ED2-496B-B19E-A75F4D4DA111}
		{33F98E06-F44C-4E22-9E16-4C20F8238A95} = {281D5ACB-9ED2-496B-B19E-A75F4D4DA111}
		{BB99EDE9-D039-4169-B26B-6BFD93C6AF8E} = {9F9CFA3A-F154-4069-89E3-19BDC6BD3A7D}
	EndGlobalSection
EndGlobal
